
Microsoft Visual Studio Solution File, Format Version 12.00
# Visual Studio Version 16
VisualStudioVersion = 16.0.29509.3
MinimumVisualStudioVersion = 10.0.40219.1
Project("{9A19103F-16F7-4668-BE54-9A1E7A4F7556}") = "Data", "Data\Data.csproj", "{EE9A1742-1BF9-41AF-B422-244E135E4874}"
EndProject
Project("{FAE04EC0-301F-11D3-BF4B-00C04F79EFBC}") = "DesktopApp", "DesktopApp\DesktopApp.csproj", "{09253EDD-46E3-4596-8A57-6D1DD17CDC19}"
EndProject
Global
	GlobalSection(SolutionConfigurationPlatforms) = preSolution
		Debug|Any CPU = Debug|Any CPU
		Release|Any CPU = Release|Any CPU
	EndGlobalSection
	GlobalSection(ProjectConfigurationPlatforms) = postSolution
		{EE9A1742-1BF9-41AF-B422-244E135E4874}.Debug|Any CPU.ActiveCfg = Debug|Any CPU
		{EE9A1742-1BF9-41AF-B422-244E135E4874}.Debug|Any CPU.Build.0 = Debug|Any CPU
		{EE9A1742-1BF9-41AF-B422-244E135E4874}.Release|Any CPU.ActiveCfg = Release|Any CPU
		{EE9A1742-1BF9-41AF-B422-244E135E4874}.Release|Any CPU.Build.0 = Release|Any CPU
		{09253EDD-46E3-4596-8A57-6D1DD17CDC19}.Debug|Any CPU.ActiveCfg = Debug|Any CPU
		{09253EDD-46E3-4596-8A57-6D1DD17CDC19}.Debug|Any CPU.Build.0 = Debug|Any CPU
		{09253EDD-46E3-4596-8A57-6D1DD17CDC19}.Release|Any CPU.ActiveCfg = Release|Any CPU
		{09253EDD-46E3-4596-8A57-6D1DD17CDC19}.Release|Any CPU.Build.0 = Release|Any CPU
	EndGlobalSection
	GlobalSection(SolutionProperties) = preSolution
		HideSolutionNode = FALSE
	EndGlobalSection
	GlobalSection(ExtensibilityGlobals) = postSolution
		SolutionGuid = {C18011B2-2A0C-4208-8F55-047A286EF473}
	EndGlobalSection
EndGlobal
